
Microsoft Visual Studio Solution File, Format Version 12.00
# Visual Studio 2013
VisualStudioVersion = 12.0.21005.1
MinimumVisualStudioVersion = 10.0.40219.1
Project("{FAE04EC0-301F-11D3-BF4B-00C04F79EFBC}") = "Airline", "Airline\Airline.csproj", "{0A74E7E9-9FC3-4130-AB46-7A175B7435AB}"
EndProject
Project("{FAE04EC0-301F-11D3-BF4B-00C04F79EFBC}") = "DAL", "DAL\DAL.csproj", "{A140C4D3-1CBD-4451-96F6-A918F0D324C7}"
EndProject
Project("{FAE04EC0-301F-11D3-BF4B-00C04F79EFBC}") = "Business", "Business\Business.csproj", "{67E9397B-511A-4D5D-9C65-66BAA28F9C3B}"
EndProject
Global
	GlobalSection(SolutionConfigurationPlatforms) = preSolution
		Debug|Any CPU = Debug|Any CPU
		Release|Any CPU = Release|Any CPU
	EndGlobalSection
	GlobalSection(ProjectConfigurationPlatforms) = postSolution
		{0A74E7E9-9FC3-4130-AB46-7A175B7435AB}.Debug|Any CPU.ActiveCfg = Debug|Any CPU
		{0A74E7E9-9FC3-4130-AB46-7A175B7435AB}.Debug|Any CPU.Build.0 = Debug|Any CPU
		{0A74E7E9-9FC3-4130-AB46-7A175B7435AB}.Release|Any CPU.ActiveCfg = Release|Any CPU
		{0A74E7E9-9FC3-4130-AB46-7A175B7435AB}.Release|Any CPU.Build.0 = Release|Any CPU
		{A140C4D3-1CBD-4451-96F6-A918F0D324C7}.Debug|Any CPU.ActiveCfg = Debug|Any CPU
		{A140C4D3-1CBD-4451-96F6-A918F0D324C7}.Debug|Any CPU.Build.0 = Debug|Any CPU
		{A140C4D3-1CBD-4451-96F6-A918F0D324C7}.Release|Any CPU.ActiveCfg = Release|Any CPU
		{A140C4D3-1CBD-4451-96F6-A918F0D324C7}.Release|Any CPU.Build.0 = Release|Any CPU
		{67E9397B-511A-4D5D-9C65-66BAA28F9C3B}.Debug|Any CPU.ActiveCfg = Debug|Any CPU
		{67E9397B-511A-4D5D-9C65-66BAA28F9C3B}.Debug|Any CPU.Build.0 = Debug|Any CPU
		{67E9397B-511A-4D5D-9C65-66BAA28F9C3B}.Release|Any CPU.ActiveCfg = Release|Any CPU
		{67E9397B-511A-4D5D-9C65-66BAA28F9C3B}.Release|Any CPU.Build.0 = Release|Any CPU
	EndGlobalSection
	GlobalSection(SolutionProperties) = preSolution
		HideSolutionNode = FALSE
	EndGlobalSection
EndGlobal
